
Microsoft Visual Studio Solution File, Format Version 12.00
# Visual Studio Version 17
VisualStudioVersion = 17.10.35122.118
MinimumVisualStudioVersion = 10.0.40219.1
Project("{FAE04EC0-301F-11D3-BF4B-00C04F79EFBC}") = "ProductLabels", "ProductLabels\ProductLabels.csproj", "{156B6259-0101-4E28-9E45-D7FEE81A95DF}"
EndProject
Global
	GlobalSection(SolutionConfigurationPlatforms) = preSolution
		Debug|Any CPU = Debug|Any CPU
		Release|Any CPU = Release|Any CPU
	EndGlobalSection
	GlobalSection(ProjectConfigurationPlatforms) = postSolution
		{156B6259-0101-4E28-9E45-D7FEE81A95DF}.Debug|Any CPU.ActiveCfg = Debug|Any CPU
		{156B6259-0101-4E28-9E45-D7FEE81A95DF}.Debug|Any CPU.Build.0 = Debug|Any CPU
		{156B6259-0101-4E28-9E45-D7FEE81A95DF}.Release|Any CPU.ActiveCfg = Release|Any CPU
		{156B6259-0101-4E28-9E45-D7FEE81A95DF}.Release|Any CPU.Build.0 = Release|Any CPU
	EndGlobalSection
	GlobalSection(SolutionProperties) = preSolution
		HideSolutionNode = FALSE
	EndGlobalSection
	GlobalSection(ExtensibilityGlobals) = postSolution
		SolutionGuid = {90ACD8C5-26FA-4AD1-A1C6-4BD5D190F20D}
	EndGlobalSection
EndGlobal
