
Microsoft Visual Studio Solution File, Format Version 12.00
# Visual Studio Version 17
VisualStudioVersion = 17.10.35122.118
MinimumVisualStudioVersion = 10.0.40219.1
Project("{FAE04EC0-301F-11D3-BF4B-00C04F79EFBC}") = "TaxCalculationSystem", "TaxCalculationSystem\TaxCalculationSystem.csproj", "{F6095378-3414-4005-94E9-7AC56FA71DDB}"
EndProject
Global
	GlobalSection(SolutionConfigurationPlatforms) = preSolution
		Debug|Any CPU = Debug|Any CPU
		Release|Any CPU = Release|Any CPU
	EndGlobalSection
	GlobalSection(ProjectConfigurationPlatforms) = postSolution
		{F6095378-3414-4005-94E9-7AC56FA71DDB}.Debug|Any CPU.ActiveCfg = Debug|Any CPU
		{F6095378-3414-4005-94E9-7AC56FA71DDB}.Debug|Any CPU.Build.0 = Debug|Any CPU
		{F6095378-3414-4005-94E9-7AC56FA71DDB}.Release|Any CPU.ActiveCfg = Release|Any CPU
		{F6095378-3414-4005-94E9-7AC56FA71DDB}.Release|Any CPU.Build.0 = Release|Any CPU
	EndGlobalSection
	GlobalSection(SolutionProperties) = preSolution
		HideSolutionNode = FALSE
	EndGlobalSection
	GlobalSection(ExtensibilityGlobals) = postSolution
		SolutionGuid = {8A9031A0-131E-4FCB-B726-BC36AC1DCDCA}
	EndGlobalSection
EndGlobal
